// !$*UTF8*$!
{
	archiveVersion = 1;
	classes = {
	};
	objectVersion = 50;
	objects = {

/* Begin PBXBuildFile section */
		8E5497E14104CB13477B2D25 /* Pods_FunFactTest.framework in Frameworks */ = {isa = PBXBuildFile; fileRef = 1ACD8D5BF50813E21A91163C /* Pods_FunFactTest.framework */; };
		D834DFF820F6776A0091CA40 /* ListOfFunFacts.json in Resources */ = {isa = PBXBuildFile; fileRef = D834DFF720F677690091CA40 /* ListOfFunFacts.json */; };
		D834DFFA20F6AF210091CA40 /* FunFactJSONParser.swift in Sources */ = {isa = PBXBuildFile; fileRef = D834DFF920F6AF210091CA40 /* FunFactJSONParser.swift */; };
		D83F06022161BD0700B37FED /* UserStruct.swift in Sources */ = {isa = PBXBuildFile; fileRef = D83F06012161BD0700B37FED /* UserStruct.swift */; };
		D848BD3621343FAF00C31CD0 /* ButtonWithShadow.swift in Sources */ = {isa = PBXBuildFile; fileRef = D848BD3521343FAF00C31CD0 /* ButtonWithShadow.swift */; };
		D848BD3A2134909E00C31CD0 /* SignInViewController.swift in Sources */ = {isa = PBXBuildFile; fileRef = D848BD392134909E00C31CD0 /* SignInViewController.swift */; };
		D848BD3C213490D100C31CD0 /* SignUpViewController.swift in Sources */ = {isa = PBXBuildFile; fileRef = D848BD3B213490D100C31CD0 /* SignUpViewController.swift */; };
		D848BD3E2134F05800C31CD0 /* CustomTextField.swift in Sources */ = {isa = PBXBuildFile; fileRef = D848BD3D2134F05800C31CD0 /* CustomTextField.swift */; };
		D848BD4121357F3F00C31CD0 /* CustomUINavigation.swift in Sources */ = {isa = PBXBuildFile; fileRef = D848BD4021357F3F00C31CD0 /* CustomUINavigation.swift */; };
		D848BD4321358BF200C31CD0 /* CustomViewBackground.swift in Sources */ = {isa = PBXBuildFile; fileRef = D848BD4221358BF200C31CD0 /* CustomViewBackground.swift */; };
		D848BD452136F50C00C31CD0 /* DisputeStruct.swift in Sources */ = {isa = PBXBuildFile; fileRef = D848BD442136F50C00C31CD0 /* DisputeStruct.swift */; };
		D848BD472137838B00C31CD0 /* ImageViewViewController.swift in Sources */ = {isa = PBXBuildFile; fileRef = D848BD462137838B00C31CD0 /* ImageViewViewController.swift */; };
		D865045F216AC58600B65AAB /* HashtagCell.swift in Sources */ = {isa = PBXBuildFile; fileRef = D865045E216AC58600B65AAB /* HashtagCell.swift */; };
		D8650461216BED5F00B65AAB /* IQKeyboardManagerSwift.framework in Frameworks */ = {isa = PBXBuildFile; fileRef = D8650460216BED5F00B65AAB /* IQKeyboardManagerSwift.framework */; };
		D86DA75D21741BA6001F7B5C /* UserSubsTableViewController.swift in Sources */ = {isa = PBXBuildFile; fileRef = D86DA75C21741BA6001F7B5C /* UserSubsTableViewController.swift */; };
		D86DA75F217424A8001F7B5C /* UserSubsCell.swift in Sources */ = {isa = PBXBuildFile; fileRef = D86DA75E217424A8001F7B5C /* UserSubsCell.swift */; };
		D87ED7BA2151BF3D00B14B5F /* firebase.json in Resources */ = {isa = PBXBuildFile; fileRef = D87ED7B92151BF3C00B14B5F /* firebase.json */; };
		D87ED7BC2151BF5400B14B5F /* functions in Resources */ = {isa = PBXBuildFile; fileRef = D87ED7BB2151BF5400B14B5F /* functions */; };
		D88DBE7F212EFC48009A2CC2 /* Constants.swift in Sources */ = {isa = PBXBuildFile; fileRef = D88DBE7E212EFC48009A2CC2 /* Constants.swift */; };
		D88DBE81212F3727009A2CC2 /* CacheManager.swift in Sources */ = {isa = PBXBuildFile; fileRef = D88DBE80212F3727009A2CC2 /* CacheManager.swift */; };
		D88DBE84212F68F9009A2CC2 /* FancyButton.swift in Sources */ = {isa = PBXBuildFile; fileRef = D88DBE83212F68F9009A2CC2 /* FancyButton.swift */; };
		D8A2ADE521938268003C4EB1 /* TabBarController.swift in Sources */ = {isa = PBXBuildFile; fileRef = D8A2ADE421938268003C4EB1 /* TabBarController.swift */; };
		D8A2AE2F2195FF42003C4EB1 /* Font Awesome 5 Pro-Solid-900.otf in Resources */ = {isa = PBXBuildFile; fileRef = D8A2AE292195FF40003C4EB1 /* Font Awesome 5 Pro-Solid-900.otf */; };
		D8A2AE302195FF42003C4EB1 /* Font Awesome 5 Free-Solid-900.otf in Resources */ = {isa = PBXBuildFile; fileRef = D8A2AE2A2195FF41003C4EB1 /* Font Awesome 5 Free-Solid-900.otf */; };
		D8A2AE312195FF42003C4EB1 /* Font Awesome 5 Free-Regular-400.otf in Resources */ = {isa = PBXBuildFile; fileRef = D8A2AE2B2195FF41003C4EB1 /* Font Awesome 5 Free-Regular-400.otf */; };
		D8A2AE322195FF42003C4EB1 /* Font Awesome 5 Pro-Regular-400.otf in Resources */ = {isa = PBXBuildFile; fileRef = D8A2AE2C2195FF41003C4EB1 /* Font Awesome 5 Pro-Regular-400.otf */; };
		D8A2AE332195FF42003C4EB1 /* Font Awesome 5 Brands-Regular-400.otf in Resources */ = {isa = PBXBuildFile; fileRef = D8A2AE2D2195FF41003C4EB1 /* Font Awesome 5 Brands-Regular-400.otf */; };
		D8A2AE342195FF42003C4EB1 /* Font Awesome 5 Pro-Light-300.otf in Resources */ = {isa = PBXBuildFile; fileRef = D8A2AE2E2195FF42003C4EB1 /* Font Awesome 5 Pro-Light-300.otf */; };
		D8A2AE412195FF97003C4EB1 /* FontAwesomeBarButtonItem.swift in Sources */ = {isa = PBXBuildFile; fileRef = D8A2AE352195FF94003C4EB1 /* FontAwesomeBarButtonItem.swift */; };
		D8A2AE422195FF97003C4EB1 /* FontAwesomeImageView.swift in Sources */ = {isa = PBXBuildFile; fileRef = D8A2AE362195FF94003C4EB1 /* FontAwesomeImageView.swift */; };
		D8A2AE432195FF97003C4EB1 /* FontAwesomeTabBarItem.swift in Sources */ = {isa = PBXBuildFile; fileRef = D8A2AE372195FF94003C4EB1 /* FontAwesomeTabBarItem.swift */; };
		D8A2AE442195FF97003C4EB1 /* FontAwesomeView.swift in Sources */ = {isa = PBXBuildFile; fileRef = D8A2AE382195FF95003C4EB1 /* FontAwesomeView.swift */; };
		D8A2AE452195FF97003C4EB1 /* FontAwesomeExtension.swift in Sources */ = {isa = PBXBuildFile; fileRef = D8A2AE392195FF95003C4EB1 /* FontAwesomeExtension.swift */; };
		D8A2AE462195FF97003C4EB1 /* FontAwesomeStateRequirement.swift in Sources */ = {isa = PBXBuildFile; fileRef = D8A2AE3A2195FF95003C4EB1 /* FontAwesomeStateRequirement.swift */; };
		D8A2AE472195FF97003C4EB1 /* FontAwesomeTextRepresentable.swift in Sources */ = {isa = PBXBuildFile; fileRef = D8A2AE3B2195FF95003C4EB1 /* FontAwesomeTextRepresentable.swift */; };
		D8A2AE482195FF97003C4EB1 /* FontAwesomeImageRepresentable.swift in Sources */ = {isa = PBXBuildFile; fileRef = D8A2AE3C2195FF96003C4EB1 /* FontAwesomeImageRepresentable.swift */; };
		D8A2AE492195FF97003C4EB1 /* Enum.swift in Sources */ = {isa = PBXBuildFile; fileRef = D8A2AE3D2195FF96003C4EB1 /* Enum.swift */; };
		D8A2AE4A2195FF97003C4EB1 /* FontAwesome.h in Sources */ = {isa = PBXBuildFile; fileRef = D8A2AE3E2195FF96003C4EB1 /* FontAwesome.h */; };
		D8A2AE4B2195FF97003C4EB1 /* FontAwesomeSegmentedControl.swift in Sources */ = {isa = PBXBuildFile; fileRef = D8A2AE3F2195FF96003C4EB1 /* FontAwesomeSegmentedControl.swift */; };
		D8A2AE4C2195FF97003C4EB1 /* FontAwesome.swift in Sources */ = {isa = PBXBuildFile; fileRef = D8A2AE402195FF97003C4EB1 /* FontAwesome.swift */; };
		D8B3103821CADFD600E85148 /* SearchViewController.swift in Sources */ = {isa = PBXBuildFile; fileRef = D8B3103721CADFD600E85148 /* SearchViewController.swift */; };
		D8B3103A21CAEAA500E85148 /* SearchCellTableViewCell.swift in Sources */ = {isa = PBXBuildFile; fileRef = D8B3103921CAEAA500E85148 /* SearchCellTableViewCell.swift */; };
		D8B3103C21E2E7F900E85148 /* AppDataSingleton.swift in Sources */ = {isa = PBXBuildFile; fileRef = D8B3103B21E2E7F900E85148 /* AppDataSingleton.swift */; };
		D8CBADCE21C295C900C42F91 /* NotificationController.swift in Sources */ = {isa = PBXBuildFile; fileRef = D8CBADCD21C295C900C42F91 /* NotificationController.swift */; };
		D8D18571212A1CFF0093B66C /* FirestoreConnection.swift in Sources */ = {isa = PBXBuildFile; fileRef = D8D18570212A1CFF0093B66C /* FirestoreConnection.swift */; };
		D8D18573212A1E510093B66C /* LandmarkStruct.swift in Sources */ = {isa = PBXBuildFile; fileRef = D8D18572212A1E510093B66C /* LandmarkStruct.swift */; };
		D8D18575212A1F2F0093B66C /* FunFactStruct.swift in Sources */ = {isa = PBXBuildFile; fileRef = D8D18574212A1F2F0093B66C /* FunFactStruct.swift */; };
		D8DF6A5E210634800031A153 /* DisputeViewController.swift in Sources */ = {isa = PBXBuildFile; fileRef = D8DF6A5D210634800031A153 /* DisputeViewController.swift */; };
		D8E78FED21409D26006F03B9 /* ProfileViewController.swift in Sources */ = {isa = PBXBuildFile; fileRef = D8E78FEC21409D26006F03B9 /* ProfileViewController.swift */; };
		D8E78FF12141FC9B006F03B9 /* CustomButton.swift in Sources */ = {isa = PBXBuildFile; fileRef = D8E78FF02141FC9B006F03B9 /* CustomButton.swift */; };
		D8E78FF321430F73006F03B9 /* overlay-google.json in Resources */ = {isa = PBXBuildFile; fileRef = D8E78FF221430F73006F03B9 /* overlay-google.json */; };
		D8E78FF5214310E5006F03B9 /* MapKitGoogleStyler.framework in Frameworks */ = {isa = PBXBuildFile; fileRef = D8E78FF4214310E5006F03B9 /* MapKitGoogleStyler.framework */; };
		D8E78FF721432A19006F03B9 /* overlay-brightcolors.json in Resources */ = {isa = PBXBuildFile; fileRef = D8E78FF621432A19006F03B9 /* overlay-brightcolors.json */; };
		D8E78FF921432BF4006F03B9 /* overlay-blue.json in Resources */ = {isa = PBXBuildFile; fileRef = D8E78FF821432BF4006F03B9 /* overlay-blue.json */; };
		D8E78FFB21432CBF006F03B9 /* overlay-dark.json in Resources */ = {isa = PBXBuildFile; fileRef = D8E78FFA21432CBF006F03B9 /* overlay-dark.json */; };
		D8E78FFD2143323C006F03B9 /* overlay-light.json in Resources */ = {isa = PBXBuildFile; fileRef = D8E78FFC2143323C006F03B9 /* overlay-light.json */; };
		D8E78FFF214349CE006F03B9 /* overlay-sharp.json in Resources */ = {isa = PBXBuildFile; fileRef = D8E78FFE214349CE006F03B9 /* overlay-sharp.json */; };
		D8ED8FF8210A49480010EF7C /* AddFactViewController.swift in Sources */ = {isa = PBXBuildFile; fileRef = D8ED8FF7210A49480010EF7C /* AddFactViewController.swift */; };
		D8ED8FFA210A49780010EF7C /* AddressViewController.swift in Sources */ = {isa = PBXBuildFile; fileRef = D8ED8FF9210A49780010EF7C /* AddressViewController.swift */; };
		D8ED8FFC210D16BE0010EF7C /* LocationSearchTableViewController.swift in Sources */ = {isa = PBXBuildFile; fileRef = D8ED8FFB210D16BE0010EF7C /* LocationSearchTableViewController.swift */; };
		D8F0078521ED5E7E0031325F /* SearchLandmarkStruct.swift in Sources */ = {isa = PBXBuildFile; fileRef = D8F0078421ED5E7E0031325F /* SearchLandmarkStruct.swift */; };
		D8F76AF1210E1A3100A039D2 /* AddressCell.swift in Sources */ = {isa = PBXBuildFile; fileRef = D8F76AF0210E1A3100A039D2 /* AddressCell.swift */; };
		D8F76AF321113F3E00A039D2 /* GoogleService-Info.plist in Resources */ = {isa = PBXBuildFile; fileRef = D8F76AF221113F3E00A039D2 /* GoogleService-Info.plist */; };
		D8F76AF521124AFF00A039D2 /* ListOfLandmarks.json in Resources */ = {isa = PBXBuildFile; fileRef = D8F76AF421124AFF00A039D2 /* ListOfLandmarks.json */; };
		D8F76AF72112812400A039D2 /* FirebaseCore.framework in Frameworks */ = {isa = PBXBuildFile; fileRef = D8F76AF62112812400A039D2 /* FirebaseCore.framework */; };
		D8F76AF92112812400A039D2 /* FirebaseFirestore.framework in Frameworks */ = {isa = PBXBuildFile; fileRef = D8F76AF82112812400A039D2 /* FirebaseFirestore.framework */; };
		D8F9012121304B9500D83F8E /* WelcomeViewController.swift in Sources */ = {isa = PBXBuildFile; fileRef = D8F9012021304B9500D83F8E /* WelcomeViewController.swift */; };
		D8FE7F8320DB2712007B4550 /* AppDelegate.swift in Sources */ = {isa = PBXBuildFile; fileRef = D8FE7F8220DB2712007B4550 /* AppDelegate.swift */; };
		D8FE7F8520DB2712007B4550 /* MainViewController.swift in Sources */ = {isa = PBXBuildFile; fileRef = D8FE7F8420DB2712007B4550 /* MainViewController.swift */; };
		D8FE7F8820DB2712007B4550 /* Main.storyboard in Resources */ = {isa = PBXBuildFile; fileRef = D8FE7F8620DB2712007B4550 /* Main.storyboard */; };
		D8FE7F8A20DB2716007B4550 /* Assets.xcassets in Resources */ = {isa = PBXBuildFile; fileRef = D8FE7F8920DB2716007B4550 /* Assets.xcassets */; };
		D8FE7F8D20DB2716007B4550 /* LaunchScreen.storyboard in Resources */ = {isa = PBXBuildFile; fileRef = D8FE7F8B20DB2716007B4550 /* LaunchScreen.storyboard */; };
		D8FE7F9720DB2795007B4550 /* AnnotationBottomView.swift in Sources */ = {isa = PBXBuildFile; fileRef = D8FE7F9620DB2795007B4550 /* AnnotationBottomView.swift */; };
		D8FE7FA220DC4237007B4550 /* Utils.swift in Sources */ = {isa = PBXBuildFile; fileRef = D8FE7FA120DC4237007B4550 /* Utils.swift */; };
		D8FE7FA420DC491F007B4550 /* FunFactAnnotation.swift in Sources */ = {isa = PBXBuildFile; fileRef = D8FE7FA320DC491F007B4550 /* FunFactAnnotation.swift */; };
		D8FE7FAA20E45083007B4550 /* ContentViewController.swift in Sources */ = {isa = PBXBuildFile; fileRef = D8FE7FA920E45082007B4550 /* ContentViewController.swift */; };
		D8FE7FAC20E4671C007B4550 /* FunFactPageViewController.swift in Sources */ = {isa = PBXBuildFile; fileRef = D8FE7FAB20E4671C007B4550 /* FunFactPageViewController.swift */; };
		D8FE7FAE20EAE747007B4550 /* PodFile in Resources */ = {isa = PBXBuildFile; fileRef = D8FE7FAD20EAE746007B4550 /* PodFile */; };
/* End PBXBuildFile section */

/* Begin PBXContainerItemProxy section */
		D8B3104321E58B2E00E85148 /* PBXContainerItemProxy */ = {
			isa = PBXContainerItemProxy;
			containerPortal = D8B3103D21E58B2E00E85148 /* GeoFire.xcodeproj */;
			proxyType = 2;
			remoteGlobalIDString = FBA358BC19655FED00A86282;
			remoteInfo = GeoFire;
		};
		D8B3104521E58B2E00E85148 /* PBXContainerItemProxy */ = {
			isa = PBXContainerItemProxy;
			containerPortal = D8B3103D21E58B2E00E85148 /* GeoFire.xcodeproj */;
			proxyType = 2;
			remoteGlobalIDString = FBA358CC19655FED00A86282;
			remoteInfo = GeoFireTests;
		};
/* End PBXContainerItemProxy section */

/* Begin PBXFileReference section */
		1ACD8D5BF50813E21A91163C /* Pods_FunFactTest.framework */ = {isa = PBXFileReference; explicitFileType = wrapper.framework; includeInIndex = 0; path = Pods_FunFactTest.framework; sourceTree = BUILT_PRODUCTS_DIR; };
		6A9A8A65C29502B3DDAE2E25 /* Pods-FunFactTest.debug.xcconfig */ = {isa = PBXFileReference; includeInIndex = 1; lastKnownFileType = text.xcconfig; name = "Pods-FunFactTest.debug.xcconfig"; path = "Pods/Target Support Files/Pods-FunFactTest/Pods-FunFactTest.debug.xcconfig"; sourceTree = "<group>"; };
		8583EE7FC03419D00EFF4C12 /* Pods-FunFactTest.release.xcconfig */ = {isa = PBXFileReference; includeInIndex = 1; lastKnownFileType = text.xcconfig; name = "Pods-FunFactTest.release.xcconfig"; path = "Pods/Target Support Files/Pods-FunFactTest/Pods-FunFactTest.release.xcconfig"; sourceTree = "<group>"; };
		D80F6C9F2163140A00AF2E8D /* FontAwesome_swift.framework */ = {isa = PBXFileReference; explicitFileType = wrapper.framework; path = FontAwesome_swift.framework; sourceTree = BUILT_PRODUCTS_DIR; };
		D80F6CA321631ABA00AF2E8D /* BoltsSwift.framework */ = {isa = PBXFileReference; explicitFileType = wrapper.framework; path = BoltsSwift.framework; sourceTree = BUILT_PRODUCTS_DIR; };
		D834DFF720F677690091CA40 /* ListOfFunFacts.json */ = {isa = PBXFileReference; fileEncoding = 4; lastKnownFileType = text.json; path = ListOfFunFacts.json; sourceTree = "<group>"; };
		D834DFF920F6AF210091CA40 /* FunFactJSONParser.swift */ = {isa = PBXFileReference; lastKnownFileType = sourcecode.swift; path = FunFactJSONParser.swift; sourceTree = "<group>"; };
		D83F06012161BD0700B37FED /* UserStruct.swift */ = {isa = PBXFileReference; lastKnownFileType = sourcecode.swift; path = UserStruct.swift; sourceTree = "<group>"; };
		D848BD3521343FAF00C31CD0 /* ButtonWithShadow.swift */ = {isa = PBXFileReference; lastKnownFileType = sourcecode.swift; path = ButtonWithShadow.swift; sourceTree = "<group>"; };
		D848BD392134909E00C31CD0 /* SignInViewController.swift */ = {isa = PBXFileReference; lastKnownFileType = sourcecode.swift; path = SignInViewController.swift; sourceTree = "<group>"; };
		D848BD3B213490D100C31CD0 /* SignUpViewController.swift */ = {isa = PBXFileReference; lastKnownFileType = sourcecode.swift; path = SignUpViewController.swift; sourceTree = "<group>"; };
		D848BD3D2134F05800C31CD0 /* CustomTextField.swift */ = {isa = PBXFileReference; lastKnownFileType = sourcecode.swift; path = CustomTextField.swift; sourceTree = "<group>"; };
		D848BD4021357F3F00C31CD0 /* CustomUINavigation.swift */ = {isa = PBXFileReference; lastKnownFileType = sourcecode.swift; path = CustomUINavigation.swift; sourceTree = "<group>"; };
		D848BD4221358BF200C31CD0 /* CustomViewBackground.swift */ = {isa = PBXFileReference; lastKnownFileType = sourcecode.swift; path = CustomViewBackground.swift; sourceTree = "<group>"; };
		D848BD442136F50C00C31CD0 /* DisputeStruct.swift */ = {isa = PBXFileReference; lastKnownFileType = sourcecode.swift; path = DisputeStruct.swift; sourceTree = "<group>"; };
		D848BD462137838B00C31CD0 /* ImageViewViewController.swift */ = {isa = PBXFileReference; lastKnownFileType = sourcecode.swift; path = ImageViewViewController.swift; sourceTree = "<group>"; };
		D865045E216AC58600B65AAB /* HashtagCell.swift */ = {isa = PBXFileReference; lastKnownFileType = sourcecode.swift; path = HashtagCell.swift; sourceTree = "<group>"; };
		D8650460216BED5F00B65AAB /* IQKeyboardManagerSwift.framework */ = {isa = PBXFileReference; explicitFileType = wrapper.framework; path = IQKeyboardManagerSwift.framework; sourceTree = BUILT_PRODUCTS_DIR; };
		D86DA75C21741BA6001F7B5C /* UserSubsTableViewController.swift */ = {isa = PBXFileReference; lastKnownFileType = sourcecode.swift; path = UserSubsTableViewController.swift; sourceTree = "<group>"; };
		D86DA75E217424A8001F7B5C /* UserSubsCell.swift */ = {isa = PBXFileReference; lastKnownFileType = sourcecode.swift; path = UserSubsCell.swift; sourceTree = "<group>"; };
		D87ED7B92151BF3C00B14B5F /* firebase.json */ = {isa = PBXFileReference; fileEncoding = 4; lastKnownFileType = text.json; path = firebase.json; sourceTree = "<group>"; };
		D87ED7BB2151BF5400B14B5F /* functions */ = {isa = PBXFileReference; lastKnownFileType = folder; path = functions; sourceTree = "<group>"; };
		D88DBE7E212EFC48009A2CC2 /* Constants.swift */ = {isa = PBXFileReference; lastKnownFileType = sourcecode.swift; path = Constants.swift; sourceTree = "<group>"; };
		D88DBE80212F3727009A2CC2 /* CacheManager.swift */ = {isa = PBXFileReference; lastKnownFileType = sourcecode.swift; path = CacheManager.swift; sourceTree = "<group>"; };
		D88DBE82212F594F009A2CC2 /* FunFactTest.entitlements */ = {isa = PBXFileReference; lastKnownFileType = text.plist.entitlements; path = FunFactTest.entitlements; sourceTree = "<group>"; };
		D88DBE83212F68F9009A2CC2 /* FancyButton.swift */ = {isa = PBXFileReference; fileEncoding = 4; lastKnownFileType = sourcecode.swift; path = FancyButton.swift; sourceTree = "<group>"; };
		D8A2ADE421938268003C4EB1 /* TabBarController.swift */ = {isa = PBXFileReference; lastKnownFileType = sourcecode.swift; path = TabBarController.swift; sourceTree = "<group>"; };
		D8A2AE292195FF40003C4EB1 /* Font Awesome 5 Pro-Solid-900.otf */ = {isa = PBXFileReference; lastKnownFileType = file; path = "Font Awesome 5 Pro-Solid-900.otf"; sourceTree = "<group>"; };
		D8A2AE2A2195FF41003C4EB1 /* Font Awesome 5 Free-Solid-900.otf */ = {isa = PBXFileReference; lastKnownFileType = file; path = "Font Awesome 5 Free-Solid-900.otf"; sourceTree = "<group>"; };
		D8A2AE2B2195FF41003C4EB1 /* Font Awesome 5 Free-Regular-400.otf */ = {isa = PBXFileReference; lastKnownFileType = file; path = "Font Awesome 5 Free-Regular-400.otf"; sourceTree = "<group>"; };
		D8A2AE2C2195FF41003C4EB1 /* Font Awesome 5 Pro-Regular-400.otf */ = {isa = PBXFileReference; lastKnownFileType = file; path = "Font Awesome 5 Pro-Regular-400.otf"; sourceTree = "<group>"; };
		D8A2AE2D2195FF41003C4EB1 /* Font Awesome 5 Brands-Regular-400.otf */ = {isa = PBXFileReference; lastKnownFileType = file; path = "Font Awesome 5 Brands-Regular-400.otf"; sourceTree = "<group>"; };
		D8A2AE2E2195FF42003C4EB1 /* Font Awesome 5 Pro-Light-300.otf */ = {isa = PBXFileReference; lastKnownFileType = file; path = "Font Awesome 5 Pro-Light-300.otf"; sourceTree = "<group>"; };
		D8A2AE352195FF94003C4EB1 /* FontAwesomeBarButtonItem.swift */ = {isa = PBXFileReference; lastKnownFileType = sourcecode.swift; path = FontAwesomeBarButtonItem.swift; sourceTree = "<group>"; };
		D8A2AE362195FF94003C4EB1 /* FontAwesomeImageView.swift */ = {isa = PBXFileReference; lastKnownFileType = sourcecode.swift; path = FontAwesomeImageView.swift; sourceTree = "<group>"; };
		D8A2AE372195FF94003C4EB1 /* FontAwesomeTabBarItem.swift */ = {isa = PBXFileReference; lastKnownFileType = sourcecode.swift; path = FontAwesomeTabBarItem.swift; sourceTree = "<group>"; };
		D8A2AE382195FF95003C4EB1 /* FontAwesomeView.swift */ = {isa = PBXFileReference; lastKnownFileType = sourcecode.swift; path = FontAwesomeView.swift; sourceTree = "<group>"; };
		D8A2AE392195FF95003C4EB1 /* FontAwesomeExtension.swift */ = {isa = PBXFileReference; lastKnownFileType = sourcecode.swift; path = FontAwesomeExtension.swift; sourceTree = "<group>"; };
		D8A2AE3A2195FF95003C4EB1 /* FontAwesomeStateRequirement.swift */ = {isa = PBXFileReference; lastKnownFileType = sourcecode.swift; path = FontAwesomeStateRequirement.swift; sourceTree = "<group>"; };
		D8A2AE3B2195FF95003C4EB1 /* FontAwesomeTextRepresentable.swift */ = {isa = PBXFileReference; lastKnownFileType = sourcecode.swift; path = FontAwesomeTextRepresentable.swift; sourceTree = "<group>"; };
		D8A2AE3C2195FF96003C4EB1 /* FontAwesomeImageRepresentable.swift */ = {isa = PBXFileReference; lastKnownFileType = sourcecode.swift; path = FontAwesomeImageRepresentable.swift; sourceTree = "<group>"; };
		D8A2AE3D2195FF96003C4EB1 /* Enum.swift */ = {isa = PBXFileReference; lastKnownFileType = sourcecode.swift; path = Enum.swift; sourceTree = "<group>"; };
		D8A2AE3E2195FF96003C4EB1 /* FontAwesome.h */ = {isa = PBXFileReference; lastKnownFileType = sourcecode.c.h; path = FontAwesome.h; sourceTree = "<group>"; };
		D8A2AE3F2195FF96003C4EB1 /* FontAwesomeSegmentedControl.swift */ = {isa = PBXFileReference; lastKnownFileType = sourcecode.swift; path = FontAwesomeSegmentedControl.swift; sourceTree = "<group>"; };
		D8A2AE402195FF97003C4EB1 /* FontAwesome.swift */ = {isa = PBXFileReference; lastKnownFileType = sourcecode.swift; path = FontAwesome.swift; sourceTree = "<group>"; };
		D8B3103721CADFD600E85148 /* SearchViewController.swift */ = {isa = PBXFileReference; lastKnownFileType = sourcecode.swift; path = SearchViewController.swift; sourceTree = "<group>"; };
		D8B3103921CAEAA500E85148 /* SearchCellTableViewCell.swift */ = {isa = PBXFileReference; lastKnownFileType = sourcecode.swift; path = SearchCellTableViewCell.swift; sourceTree = "<group>"; };
		D8B3103B21E2E7F900E85148 /* AppDataSingleton.swift */ = {isa = PBXFileReference; lastKnownFileType = sourcecode.swift; path = AppDataSingleton.swift; sourceTree = "<group>"; };
		D8B3103D21E58B2E00E85148 /* GeoFire.xcodeproj */ = {isa = PBXFileReference; lastKnownFileType = "wrapper.pb-project"; name = GeoFire.xcodeproj; path = "geofire-objc/GeoFire.xcodeproj"; sourceTree = "<group>"; };
		D8B3105F21E58D4D00E85148 /* GeoFire-Prefix.pch */ = {isa = PBXFileReference; lastKnownFileType = sourcecode.c.h; path = "GeoFire-Prefix.pch"; sourceTree = "<group>"; };
		D8B3106121E58D4D00E85148 /* GFBase32Utils.h */ = {isa = PBXFileReference; lastKnownFileType = sourcecode.c.h; path = GFBase32Utils.h; sourceTree = "<group>"; };
		D8B3106221E58D4D00E85148 /* GFGeoHashQuery.h */ = {isa = PBXFileReference; lastKnownFileType = sourcecode.c.h; path = GFGeoHashQuery.h; sourceTree = "<group>"; };
		D8B3106321E58D4D00E85148 /* GFGeoHash.h */ = {isa = PBXFileReference; lastKnownFileType = sourcecode.c.h; path = GFGeoHash.h; sourceTree = "<group>"; };
		D8B3106421E58D4D00E85148 /* GFQuery+Private.h */ = {isa = PBXFileReference; lastKnownFileType = sourcecode.c.h; path = "GFQuery+Private.h"; sourceTree = "<group>"; };
		D8B3106521E58D4D00E85148 /* GFBase32Utils.m */ = {isa = PBXFileReference; lastKnownFileType = sourcecode.c.objc; path = GFBase32Utils.m; sourceTree = "<group>"; };
		D8B3106621E58D4D00E85148 /* GeoFire+Private.h */ = {isa = PBXFileReference; lastKnownFileType = sourcecode.c.h; path = "GeoFire+Private.h"; sourceTree = "<group>"; };
		D8B3106721E58D4D00E85148 /* GeoFire.m */ = {isa = PBXFileReference; lastKnownFileType = sourcecode.c.objc; path = GeoFire.m; sourceTree = "<group>"; };
		D8B3106821E58D4D00E85148 /* GFGeoHashQuery.m */ = {isa = PBXFileReference; lastKnownFileType = sourcecode.c.objc; path = GFGeoHashQuery.m; sourceTree = "<group>"; };
		D8B3106921E58D4D00E85148 /* GFQuery.m */ = {isa = PBXFileReference; lastKnownFileType = sourcecode.c.objc; path = GFQuery.m; sourceTree = "<group>"; };
		D8B3106A21E58D4D00E85148 /* GFGeoHash.m */ = {isa = PBXFileReference; lastKnownFileType = sourcecode.c.objc; path = GFGeoHash.m; sourceTree = "<group>"; };
		D8B3106C21E58D4D00E85148 /* GFRegionQuery.h */ = {isa = PBXFileReference; lastKnownFileType = sourcecode.c.h; path = GFRegionQuery.h; sourceTree = "<group>"; };
		D8B3106D21E58D4D00E85148 /* GeoFire.h */ = {isa = PBXFileReference; lastKnownFileType = sourcecode.c.h; path = GeoFire.h; sourceTree = "<group>"; };
		D8B3106E21E58D4D00E85148 /* GFQuery.h */ = {isa = PBXFileReference; lastKnownFileType = sourcecode.c.h; path = GFQuery.h; sourceTree = "<group>"; };
		D8B3106F21E58D4D00E85148 /* GFCircleQuery.h */ = {isa = PBXFileReference; lastKnownFileType = sourcecode.c.h; path = GFCircleQuery.h; sourceTree = "<group>"; };
		D8CBADCD21C295C900C42F91 /* NotificationController.swift */ = {isa = PBXFileReference; lastKnownFileType = sourcecode.swift; name = NotificationController.swift; path = "../../../../My Playground/FunFactTest/FunFactTest/Controllers/NotificationController.swift"; sourceTree = "<group>"; };
		D8D18570212A1CFF0093B66C /* FirestoreConnection.swift */ = {isa = PBXFileReference; lastKnownFileType = sourcecode.swift; path = FirestoreConnection.swift; sourceTree = "<group>"; };
		D8D18572212A1E510093B66C /* LandmarkStruct.swift */ = {isa = PBXFileReference; lastKnownFileType = sourcecode.swift; path = LandmarkStruct.swift; sourceTree = "<group>"; };
		D8D18574212A1F2F0093B66C /* FunFactStruct.swift */ = {isa = PBXFileReference; lastKnownFileType = sourcecode.swift; path = FunFactStruct.swift; sourceTree = "<group>"; };
		D8DF6A5D210634800031A153 /* DisputeViewController.swift */ = {isa = PBXFileReference; lastKnownFileType = sourcecode.swift; path = DisputeViewController.swift; sourceTree = "<group>"; };
		D8E78FEC21409D26006F03B9 /* ProfileViewController.swift */ = {isa = PBXFileReference; lastKnownFileType = sourcecode.swift; path = ProfileViewController.swift; sourceTree = "<group>"; };
		D8E78FF02141FC9B006F03B9 /* CustomButton.swift */ = {isa = PBXFileReference; lastKnownFileType = sourcecode.swift; path = CustomButton.swift; sourceTree = "<group>"; };
		D8E78FF221430F73006F03B9 /* overlay-google.json */ = {isa = PBXFileReference; lastKnownFileType = text.json; path = "overlay-google.json"; sourceTree = "<group>"; };
		D8E78FF4214310E5006F03B9 /* MapKitGoogleStyler.framework */ = {isa = PBXFileReference; explicitFileType = wrapper.framework; path = MapKitGoogleStyler.framework; sourceTree = BUILT_PRODUCTS_DIR; };
		D8E78FF621432A19006F03B9 /* overlay-brightcolors.json */ = {isa = PBXFileReference; lastKnownFileType = text.json; path = "overlay-brightcolors.json"; sourceTree = "<group>"; };
		D8E78FF821432BF4006F03B9 /* overlay-blue.json */ = {isa = PBXFileReference; lastKnownFileType = text.json; path = "overlay-blue.json"; sourceTree = "<group>"; };
		D8E78FFA21432CBF006F03B9 /* overlay-dark.json */ = {isa = PBXFileReference; lastKnownFileType = text.json; path = "overlay-dark.json"; sourceTree = "<group>"; };
		D8E78FFC2143323C006F03B9 /* overlay-light.json */ = {isa = PBXFileReference; lastKnownFileType = text.json; path = "overlay-light.json"; sourceTree = "<group>"; };
		D8E78FFE214349CE006F03B9 /* overlay-sharp.json */ = {isa = PBXFileReference; lastKnownFileType = text.json; path = "overlay-sharp.json"; sourceTree = "<group>"; };
		D8ED8FF7210A49480010EF7C /* AddFactViewController.swift */ = {isa = PBXFileReference; lastKnownFileType = sourcecode.swift; path = AddFactViewController.swift; sourceTree = "<group>"; };
		D8ED8FF9210A49780010EF7C /* AddressViewController.swift */ = {isa = PBXFileReference; lastKnownFileType = sourcecode.swift; path = AddressViewController.swift; sourceTree = "<group>"; };
		D8ED8FFB210D16BE0010EF7C /* LocationSearchTableViewController.swift */ = {isa = PBXFileReference; lastKnownFileType = sourcecode.swift; path = LocationSearchTableViewController.swift; sourceTree = "<group>"; };
		D8F0078421ED5E7E0031325F /* SearchLandmarkStruct.swift */ = {isa = PBXFileReference; lastKnownFileType = sourcecode.swift; path = SearchLandmarkStruct.swift; sourceTree = "<group>"; };
		D8F76AF0210E1A3100A039D2 /* AddressCell.swift */ = {isa = PBXFileReference; lastKnownFileType = sourcecode.swift; path = AddressCell.swift; sourceTree = "<group>"; };
		D8F76AF221113F3E00A039D2 /* GoogleService-Info.plist */ = {isa = PBXFileReference; fileEncoding = 4; lastKnownFileType = text.plist.xml; path = "GoogleService-Info.plist"; sourceTree = "<group>"; };
		D8F76AF421124AFF00A039D2 /* ListOfLandmarks.json */ = {isa = PBXFileReference; lastKnownFileType = text.json; path = ListOfLandmarks.json; sourceTree = "<group>"; };
		D8F76AF62112812400A039D2 /* FirebaseCore.framework */ = {isa = PBXFileReference; explicitFileType = wrapper.framework; path = FirebaseCore.framework; sourceTree = BUILT_PRODUCTS_DIR; };
		D8F76AF82112812400A039D2 /* FirebaseFirestore.framework */ = {isa = PBXFileReference; explicitFileType = wrapper.framework; path = FirebaseFirestore.framework; sourceTree = BUILT_PRODUCTS_DIR; };
		D8F9012021304B9500D83F8E /* WelcomeViewController.swift */ = {isa = PBXFileReference; lastKnownFileType = sourcecode.swift; path = WelcomeViewController.swift; sourceTree = "<group>"; };
		D8FE7F7F20DB2712007B4550 /* FunFactTest.app */ = {isa = PBXFileReference; explicitFileType = wrapper.application; includeInIndex = 0; path = FunFactTest.app; sourceTree = BUILT_PRODUCTS_DIR; };
		D8FE7F8220DB2712007B4550 /* AppDelegate.swift */ = {isa = PBXFileReference; lastKnownFileType = sourcecode.swift; path = AppDelegate.swift; sourceTree = "<group>"; };
		D8FE7F8420DB2712007B4550 /* MainViewController.swift */ = {isa = PBXFileReference; lastKnownFileType = sourcecode.swift; path = MainViewController.swift; sourceTree = "<group>"; };
		D8FE7F8720DB2712007B4550 /* Base */ = {isa = PBXFileReference; lastKnownFileType = file.storyboard; name = Base; path = Base.lproj/Main.storyboard; sourceTree = "<group>"; };
		D8FE7F8920DB2716007B4550 /* Assets.xcassets */ = {isa = PBXFileReference; lastKnownFileType = folder.assetcatalog; path = Assets.xcassets; sourceTree = "<group>"; };
		D8FE7F8C20DB2716007B4550 /* Base */ = {isa = PBXFileReference; lastKnownFileType = file.storyboard; name = Base; path = Base.lproj/LaunchScreen.storyboard; sourceTree = "<group>"; };
		D8FE7F8E20DB2716007B4550 /* Info.plist */ = {isa = PBXFileReference; lastKnownFileType = text.plist.xml; path = Info.plist; sourceTree = "<group>"; };
		D8FE7F9620DB2795007B4550 /* AnnotationBottomView.swift */ = {isa = PBXFileReference; lastKnownFileType = sourcecode.swift; path = AnnotationBottomView.swift; sourceTree = "<group>"; };
		D8FE7FA120DC4237007B4550 /* Utils.swift */ = {isa = PBXFileReference; lastKnownFileType = sourcecode.swift; path = Utils.swift; sourceTree = "<group>"; };
		D8FE7FA320DC491F007B4550 /* FunFactAnnotation.swift */ = {isa = PBXFileReference; lastKnownFileType = sourcecode.swift; path = FunFactAnnotation.swift; sourceTree = "<group>"; };
		D8FE7FA920E45082007B4550 /* ContentViewController.swift */ = {isa = PBXFileReference; lastKnownFileType = sourcecode.swift; path = ContentViewController.swift; sourceTree = "<group>"; };
		D8FE7FAB20E4671C007B4550 /* FunFactPageViewController.swift */ = {isa = PBXFileReference; lastKnownFileType = sourcecode.swift; path = FunFactPageViewController.swift; sourceTree = "<group>"; };
		D8FE7FAD20EAE746007B4550 /* PodFile */ = {isa = PBXFileReference; fileEncoding = 4; lastKnownFileType = text; path = PodFile; sourceTree = SOURCE_ROOT; xcLanguageSpecificationIdentifier = xcode.lang.ruby; };
/* End PBXFileReference section */

/* Begin PBXFrameworksBuildPhase section */
		D8FE7F7C20DB2712007B4550 /* Frameworks */ = {
			isa = PBXFrameworksBuildPhase;
			buildActionMask = 2147483647;
			files = (
				D8650461216BED5F00B65AAB /* IQKeyboardManagerSwift.framework in Frameworks */,
				D8E78FF5214310E5006F03B9 /* MapKitGoogleStyler.framework in Frameworks */,
				D8F76AF72112812400A039D2 /* FirebaseCore.framework in Frameworks */,
				D8F76AF92112812400A039D2 /* FirebaseFirestore.framework in Frameworks */,
				8E5497E14104CB13477B2D25 /* Pods_FunFactTest.framework in Frameworks */,
			);
			runOnlyForDeploymentPostprocessing = 0;
		};
/* End PBXFrameworksBuildPhase section */

/* Begin PBXGroup section */
		270B60A5492612E273CC8201 /* Pods */ = {
			isa = PBXGroup;
			children = (
				6A9A8A65C29502B3DDAE2E25 /* Pods-FunFactTest.debug.xcconfig */,
				8583EE7FC03419D00EFF4C12 /* Pods-FunFactTest.release.xcconfig */,
			);
			name = Pods;
			sourceTree = "<group>";
		};
		D569FB58055CD1C61272A23D /* Frameworks */ = {
			isa = PBXGroup;
			children = (
				D8B3103D21E58B2E00E85148 /* GeoFire.xcodeproj */,
				D8650460216BED5F00B65AAB /* IQKeyboardManagerSwift.framework */,
				D80F6CA321631ABA00AF2E8D /* BoltsSwift.framework */,
				D80F6C9F2163140A00AF2E8D /* FontAwesome_swift.framework */,
				D8E78FF4214310E5006F03B9 /* MapKitGoogleStyler.framework */,
				D8F76AF62112812400A039D2 /* FirebaseCore.framework */,
				D8F76AF82112812400A039D2 /* FirebaseFirestore.framework */,
				1ACD8D5BF50813E21A91163C /* Pods_FunFactTest.framework */,
			);
			name = Frameworks;
			sourceTree = "<group>";
		};
		D88DBE7D212EFC0B009A2CC2 /* Resources */ = {
			isa = PBXGroup;
			children = (
				D834DFF720F677690091CA40 /* ListOfFunFacts.json */,
				D8F76AF421124AFF00A039D2 /* ListOfLandmarks.json */,
				D88DBE7E212EFC48009A2CC2 /* Constants.swift */,
				D8E78FF221430F73006F03B9 /* overlay-google.json */,
				D8E78FF621432A19006F03B9 /* overlay-brightcolors.json */,
				D8E78FF821432BF4006F03B9 /* overlay-blue.json */,
				D8E78FFA21432CBF006F03B9 /* overlay-dark.json */,
				D8E78FFC2143323C006F03B9 /* overlay-light.json */,
				D8E78FFE214349CE006F03B9 /* overlay-sharp.json */,
			);
			path = Resources;
			sourceTree = "<group>";
		};
		D8A2AE4D21960132003C4EB1 /* FontAwesome */ = {
			isa = PBXGroup;
			children = (
				D8A2AE3D2195FF96003C4EB1 /* Enum.swift */,
				D8A2AE3E2195FF96003C4EB1 /* FontAwesome.h */,
				D8A2AE402195FF97003C4EB1 /* FontAwesome.swift */,
				D8A2AE352195FF94003C4EB1 /* FontAwesomeBarButtonItem.swift */,
				D8A2AE392195FF95003C4EB1 /* FontAwesomeExtension.swift */,
				D8A2AE3C2195FF96003C4EB1 /* FontAwesomeImageRepresentable.swift */,
				D8A2AE362195FF94003C4EB1 /* FontAwesomeImageView.swift */,
				D8A2AE3F2195FF96003C4EB1 /* FontAwesomeSegmentedControl.swift */,
				D8A2AE3A2195FF95003C4EB1 /* FontAwesomeStateRequirement.swift */,
				D8A2AE372195FF94003C4EB1 /* FontAwesomeTabBarItem.swift */,
				D8A2AE3B2195FF95003C4EB1 /* FontAwesomeTextRepresentable.swift */,
				D8A2AE382195FF95003C4EB1 /* FontAwesomeView.swift */,
				D8A2AE2D2195FF41003C4EB1 /* Font Awesome 5 Brands-Regular-400.otf */,
				D8A2AE2B2195FF41003C4EB1 /* Font Awesome 5 Free-Regular-400.otf */,
				D8A2AE2A2195FF41003C4EB1 /* Font Awesome 5 Free-Solid-900.otf */,
				D8A2AE2E2195FF42003C4EB1 /* Font Awesome 5 Pro-Light-300.otf */,
				D8A2AE2C2195FF41003C4EB1 /* Font Awesome 5 Pro-Regular-400.otf */,
				D8A2AE292195FF40003C4EB1 /* Font Awesome 5 Pro-Solid-900.otf */,
			);
			path = FontAwesome;
			sourceTree = "<group>";
		};
		D8B3103E21E58B2E00E85148 /* Products */ = {
			isa = PBXGroup;
			children = (
				D8B3104421E58B2E00E85148 /* libGeoFire.a */,
				D8B3104621E58B2E00E85148 /* GeoFireTests.xctest */,
			);
			name = Products;
			sourceTree = "<group>";
		};
		D8B3105E21E58D4D00E85148 /* GeoFire */ = {
			isa = PBXGroup;
			children = (
				D8B3105F21E58D4D00E85148 /* GeoFire-Prefix.pch */,
				D8B3106021E58D4D00E85148 /* Implementation */,
				D8B3106B21E58D4D00E85148 /* API */,
			);
			path = GeoFire;
			sourceTree = "<group>";
		};
		D8B3106021E58D4D00E85148 /* Implementation */ = {
			isa = PBXGroup;
			children = (
				D8B3106121E58D4D00E85148 /* GFBase32Utils.h */,
				D8B3106221E58D4D00E85148 /* GFGeoHashQuery.h */,
				D8B3106321E58D4D00E85148 /* GFGeoHash.h */,
				D8B3106421E58D4D00E85148 /* GFQuery+Private.h */,
				D8B3106521E58D4D00E85148 /* GFBase32Utils.m */,
				D8B3106621E58D4D00E85148 /* GeoFire+Private.h */,
				D8B3106721E58D4D00E85148 /* GeoFire.m */,
				D8B3106821E58D4D00E85148 /* GFGeoHashQuery.m */,
				D8B3106921E58D4D00E85148 /* GFQuery.m */,
				D8B3106A21E58D4D00E85148 /* GFGeoHash.m */,
			);
			path = Implementation;
			sourceTree = "<group>";
		};
		D8B3106B21E58D4D00E85148 /* API */ = {
			isa = PBXGroup;
			children = (
				D8B3106C21E58D4D00E85148 /* GFRegionQuery.h */,
				D8B3106D21E58D4D00E85148 /* GeoFire.h */,
				D8B3106E21E58D4D00E85148 /* GFQuery.h */,
				D8B3106F21E58D4D00E85148 /* GFCircleQuery.h */,
			);
			path = API;
			sourceTree = "<group>";
		};
		D8D1856D2129EDD70093B66C /* Views */ = {
			isa = PBXGroup;
			children = (
				D8F76AF0210E1A3100A039D2 /* AddressCell.swift */,
				D8FE7F9620DB2795007B4550 /* AnnotationBottomView.swift */,
				D848BD3521343FAF00C31CD0 /* ButtonWithShadow.swift */,
				D8E78FF02141FC9B006F03B9 /* CustomButton.swift */,
				D848BD3D2134F05800C31CD0 /* CustomTextField.swift */,
				D848BD4021357F3F00C31CD0 /* CustomUINavigation.swift */,
				D848BD4221358BF200C31CD0 /* CustomViewBackground.swift */,
				D88DBE83212F68F9009A2CC2 /* FancyButton.swift */,
				D8FE7FA320DC491F007B4550 /* FunFactAnnotation.swift */,
				D865045E216AC58600B65AAB /* HashtagCell.swift */,
				D86DA75E217424A8001F7B5C /* UserSubsCell.swift */,
				D8B3103921CAEAA500E85148 /* SearchCellTableViewCell.swift */,
			);
			path = Views;
			sourceTree = "<group>";
		};
		D8D1856E2129EDFA0093B66C /* Models */ = {
			isa = PBXGroup;
			children = (
				D88DBE80212F3727009A2CC2 /* CacheManager.swift */,
				D848BD442136F50C00C31CD0 /* DisputeStruct.swift */,
				D8D18570212A1CFF0093B66C /* FirestoreConnection.swift */,
				D834DFF920F6AF210091CA40 /* FunFactJSONParser.swift */,
				D8D18574212A1F2F0093B66C /* FunFactStruct.swift */,
				D8D18572212A1E510093B66C /* LandmarkStruct.swift */,
				D8FE7FA120DC4237007B4550 /* Utils.swift */,
				D83F06012161BD0700B37FED /* UserStruct.swift */,
				D8B3103B21E2E7F900E85148 /* AppDataSingleton.swift */,
				D8F0078421ED5E7E0031325F /* SearchLandmarkStruct.swift */,
			);
			path = Models;
			sourceTree = "<group>";
		};
		D8D1856F2129EE020093B66C /* Controllers */ = {
			isa = PBXGroup;
			children = (
				D8ED8FF7210A49480010EF7C /* AddFactViewController.swift */,
				D8ED8FF9210A49780010EF7C /* AddressViewController.swift */,
				D8FE7FA920E45082007B4550 /* ContentViewController.swift */,
				D8DF6A5D210634800031A153 /* DisputeViewController.swift */,
				D8FE7FAB20E4671C007B4550 /* FunFactPageViewController.swift */,
				D848BD462137838B00C31CD0 /* ImageViewViewController.swift */,
				D8ED8FFB210D16BE0010EF7C /* LocationSearchTableViewController.swift */,
				D8FE7F8420DB2712007B4550 /* MainViewController.swift */,
				D8E78FEC21409D26006F03B9 /* ProfileViewController.swift */,
				D848BD392134909E00C31CD0 /* SignInViewController.swift */,
				D848BD3B213490D100C31CD0 /* SignUpViewController.swift */,
				D8F9012021304B9500D83F8E /* WelcomeViewController.swift */,
				D86DA75C21741BA6001F7B5C /* UserSubsTableViewController.swift */,
				D8A2ADE421938268003C4EB1 /* TabBarController.swift */,
				D8CBADCD21C295C900C42F91 /* NotificationController.swift */,
				D8B3103721CADFD600E85148 /* SearchViewController.swift */,
			);
			path = Controllers;
			sourceTree = "<group>";
		};
		D8FE7F7620DB2712007B4550 = {
			isa = PBXGroup;
			children = (
				D8B3105E21E58D4D00E85148 /* GeoFire */,
				D8A2AE4D21960132003C4EB1 /* FontAwesome */,
				D8FE7F8120DB2712007B4550 /* FunFactTest */,
				D8FE7F8020DB2712007B4550 /* Products */,
				270B60A5492612E273CC8201 /* Pods */,
				D569FB58055CD1C61272A23D /* Frameworks */,
			);
			sourceTree = "<group>";
		};
		D8FE7F8020DB2712007B4550 /* Products */ = {
			isa = PBXGroup;
			children = (
				D8FE7F7F20DB2712007B4550 /* FunFactTest.app */,
			);
			name = Products;
			sourceTree = "<group>";
		};
		D8FE7F8120DB2712007B4550 /* FunFactTest */ = {
			isa = PBXGroup;
			children = (
				D87ED7BB2151BF5400B14B5F /* functions */,
				D87ED7B92151BF3C00B14B5F /* firebase.json */,
				D8FE7F8220DB2712007B4550 /* AppDelegate.swift */,
				D8FE7F8620DB2712007B4550 /* Main.storyboard */,
				D8FE7F8B20DB2716007B4550 /* LaunchScreen.storyboard */,
				D88DBE82212F594F009A2CC2 /* FunFactTest.entitlements */,
				D88DBE7D212EFC0B009A2CC2 /* Resources */,
				D8D1856F2129EE020093B66C /* Controllers */,
				D8D1856E2129EDFA0093B66C /* Models */,
				D8D1856D2129EDD70093B66C /* Views */,
				D8F76AF221113F3E00A039D2 /* GoogleService-Info.plist */,
				D8FE7FAD20EAE746007B4550 /* PodFile */,
				D8FE7F8920DB2716007B4550 /* Assets.xcassets */,
				D8FE7F8E20DB2716007B4550 /* Info.plist */,
			);
			path = FunFactTest;
			sourceTree = "<group>";
		};
/* End PBXGroup section */

/* Begin PBXNativeTarget section */
		D8FE7F7E20DB2712007B4550 /* FunFactTest */ = {
			isa = PBXNativeTarget;
			buildConfigurationList = D8FE7F9120DB2716007B4550 /* Build configuration list for PBXNativeTarget "FunFactTest" */;
			buildPhases = (
				49249414AD3E55BE8BFD2B91 /* [CP] Check Pods Manifest.lock */,
				D8FE7F7B20DB2712007B4550 /* Sources */,
				D8FE7F7C20DB2712007B4550 /* Frameworks */,
				D8FE7F7D20DB2712007B4550 /* Resources */,
				7A2B440DD41034D44BFFEF02 /* [CP] Embed Pods Frameworks */,
				255FA292C28F7F34B0989643 /* [CP] Copy Pods Resources */,
				D800724A2208DBF300A20084 /* ShellScript */,
			);
			buildRules = (
			);
			dependencies = (
			);
			name = FunFactTest;
			productName = FunFactTest;
			productReference = D8FE7F7F20DB2712007B4550 /* FunFactTest.app */;
			productType = "com.apple.product-type.application";
		};
/* End PBXNativeTarget section */

/* Begin PBXProject section */
		D8FE7F7720DB2712007B4550 /* Project object */ = {
			isa = PBXProject;
			attributes = {
				KnownAssetTags = (
					New,
				);
				LastSwiftUpdateCheck = 0940;
				LastUpgradeCheck = 0940;
				ORGANIZATIONNAME = "Rushi Dolas";
				TargetAttributes = {
					D8FE7F7E20DB2712007B4550 = {
						CreatedOnToolsVersion = 9.4.1;
						LastSwiftMigration = 1000;
						SystemCapabilities = {
							com.apple.Keychain = {
								enabled = 1;
							};
						};
					};
				};
			};
			buildConfigurationList = D8FE7F7A20DB2712007B4550 /* Build configuration list for PBXProject "FunFactTest" */;
			compatibilityVersion = "Xcode 9.3";
			developmentRegion = en;
			hasScannedForEncodings = 0;
			knownRegions = (
				en,
				Base,
			);
			mainGroup = D8FE7F7620DB2712007B4550;
			productRefGroup = D8FE7F8020DB2712007B4550 /* Products */;
			projectDirPath = "";
			projectReferences = (
				{
					ProductGroup = D8B3103E21E58B2E00E85148 /* Products */;
					ProjectRef = D8B3103D21E58B2E00E85148 /* GeoFire.xcodeproj */;
				},
			);
			projectRoot = "";
			targets = (
				D8FE7F7E20DB2712007B4550 /* FunFactTest */,
			);
		};
/* End PBXProject section */

/* Begin PBXReferenceProxy section */
		D8B3104421E58B2E00E85148 /* libGeoFire.a */ = {
			isa = PBXReferenceProxy;
			fileType = archive.ar;
			path = libGeoFire.a;
			remoteRef = D8B3104321E58B2E00E85148 /* PBXContainerItemProxy */;
			sourceTree = BUILT_PRODUCTS_DIR;
		};
		D8B3104621E58B2E00E85148 /* GeoFireTests.xctest */ = {
			isa = PBXReferenceProxy;
			fileType = wrapper.cfbundle;
			path = GeoFireTests.xctest;
			remoteRef = D8B3104521E58B2E00E85148 /* PBXContainerItemProxy */;
			sourceTree = BUILT_PRODUCTS_DIR;
		};
/* End PBXReferenceProxy section */

/* Begin PBXResourcesBuildPhase section */
		D8FE7F7D20DB2712007B4550 /* Resources */ = {
			isa = PBXResourcesBuildPhase;
			buildActionMask = 2147483647;
			files = (
				D8A2AE2F2195FF42003C4EB1 /* Font Awesome 5 Pro-Solid-900.otf in Resources */,
				D8A2AE302195FF42003C4EB1 /* Font Awesome 5 Free-Solid-900.otf in Resources */,
				D8A2AE312195FF42003C4EB1 /* Font Awesome 5 Free-Regular-400.otf in Resources */,
				D8A2AE322195FF42003C4EB1 /* Font Awesome 5 Pro-Regular-400.otf in Resources */,
				D8A2AE332195FF42003C4EB1 /* Font Awesome 5 Brands-Regular-400.otf in Resources */,
				D8A2AE342195FF42003C4EB1 /* Font Awesome 5 Pro-Light-300.otf in Resources */,
				D87ED7BA2151BF3D00B14B5F /* firebase.json in Resources */,
				D8E78FF921432BF4006F03B9 /* overlay-blue.json in Resources */,
				D8E78FFB21432CBF006F03B9 /* overlay-dark.json in Resources */,
				D8FE7FAE20EAE747007B4550 /* PodFile in Resources */,
				D8F76AF521124AFF00A039D2 /* ListOfLandmarks.json in Resources */,
				D8FE7F8D20DB2716007B4550 /* LaunchScreen.storyboard in Resources */,
				D8FE7F8A20DB2716007B4550 /* Assets.xcassets in Resources */,
				D834DFF820F6776A0091CA40 /* ListOfFunFacts.json in Resources */,
				D87ED7BC2151BF5400B14B5F /* functions in Resources */,
				D8FE7F8820DB2712007B4550 /* Main.storyboard in Resources */,
				D8E78FF321430F73006F03B9 /* overlay-google.json in Resources */,
				D8E78FFD2143323C006F03B9 /* overlay-light.json in Resources */,
				D8F76AF321113F3E00A039D2 /* GoogleService-Info.plist in Resources */,
				D8E78FF721432A19006F03B9 /* overlay-brightcolors.json in Resources */,
				D8E78FFF214349CE006F03B9 /* overlay-sharp.json in Resources */,
			);
			runOnlyForDeploymentPostprocessing = 0;
		};
/* End PBXResourcesBuildPhase section */

/* Begin PBXShellScriptBuildPhase section */
		255FA292C28F7F34B0989643 /* [CP] Copy Pods Resources */ = {
			isa = PBXShellScriptBuildPhase;
			buildActionMask = 2147483647;
			files = (
			);
			inputPaths = (
				"${SRCROOT}/Pods/Target Support Files/Pods-FunFactTest/Pods-FunFactTest-resources.sh",
				"${PODS_CONFIGURATION_BUILD_DIR}/FirebaseUI/FirebaseAnonymousAuthUI.bundle",
				"${PODS_CONFIGURATION_BUILD_DIR}/FirebaseUI/FirebaseAuthUI.bundle",
				"${PODS_CONFIGURATION_BUILD_DIR}/FirebaseUI/FirebaseFacebookAuthUI.bundle",
				"${PODS_CONFIGURATION_BUILD_DIR}/FirebaseUI/FirebaseGoogleAuthUI.bundle",
				"${PODS_CONFIGURATION_BUILD_DIR}/FirebaseUI/FirebasePhoneAuthUI.bundle",
				"${PODS_CONFIGURATION_BUILD_DIR}/FirebaseUI/FirebaseTwitterAuthUI.bundle",
				"${PODS_ROOT}/GoogleSignIn/Resources/GoogleSignIn.bundle",
				"${PODS_ROOT}/TwitterKit/iOS/TwitterKit.framework/TwitterKitResources.bundle",
			);
			name = "[CP] Copy Pods Resources";
			outputPaths = (
				"${TARGET_BUILD_DIR}/${UNLOCALIZED_RESOURCES_FOLDER_PATH}/FirebaseAnonymousAuthUI.bundle",
				"${TARGET_BUILD_DIR}/${UNLOCALIZED_RESOURCES_FOLDER_PATH}/FirebaseAuthUI.bundle",
				"${TARGET_BUILD_DIR}/${UNLOCALIZED_RESOURCES_FOLDER_PATH}/FirebaseFacebookAuthUI.bundle",
				"${TARGET_BUILD_DIR}/${UNLOCALIZED_RESOURCES_FOLDER_PATH}/FirebaseGoogleAuthUI.bundle",
				"${TARGET_BUILD_DIR}/${UNLOCALIZED_RESOURCES_FOLDER_PATH}/FirebasePhoneAuthUI.bundle",
				"${TARGET_BUILD_DIR}/${UNLOCALIZED_RESOURCES_FOLDER_PATH}/FirebaseTwitterAuthUI.bundle",
				"${TARGET_BUILD_DIR}/${UNLOCALIZED_RESOURCES_FOLDER_PATH}/GoogleSignIn.bundle",
				"${TARGET_BUILD_DIR}/${UNLOCALIZED_RESOURCES_FOLDER_PATH}/TwitterKitResources.bundle",
			);
			runOnlyForDeploymentPostprocessing = 0;
			shellPath = /bin/sh;
			shellScript = "\"${SRCROOT}/Pods/Target Support Files/Pods-FunFactTest/Pods-FunFactTest-resources.sh\"\n";
			showEnvVarsInLog = 0;
		};
		49249414AD3E55BE8BFD2B91 /* [CP] Check Pods Manifest.lock */ = {
			isa = PBXShellScriptBuildPhase;
			buildActionMask = 2147483647;
			files = (
			);
			inputPaths = (
				"${PODS_PODFILE_DIR_PATH}/Podfile.lock",
				"${PODS_ROOT}/Manifest.lock",
			);
			name = "[CP] Check Pods Manifest.lock";
			outputPaths = (
				"$(DERIVED_FILE_DIR)/Pods-FunFactTest-checkManifestLockResult.txt",
			);
			runOnlyForDeploymentPostprocessing = 0;
			shellPath = /bin/sh;
			shellScript = "diff \"${PODS_PODFILE_DIR_PATH}/Podfile.lock\" \"${PODS_ROOT}/Manifest.lock\" > /dev/null\nif [ $? != 0 ] ; then\n    # print error to STDERR\n    echo \"error: The sandbox is not in sync with the Podfile.lock. Run 'pod install' or update your CocoaPods installation.\" >&2\n    exit 1\nfi\n# This output is used by Xcode 'outputs' to avoid re-running this script phase.\necho \"SUCCESS\" > \"${SCRIPT_OUTPUT_FILE_0}\"\n";
			showEnvVarsInLog = 0;
		};
		7A2B440DD41034D44BFFEF02 /* [CP] Embed Pods Frameworks */ = {
			isa = PBXShellScriptBuildPhase;
			buildActionMask = 2147483647;
			files = (
			);
			inputPaths = (
				"${SRCROOT}/Pods/Target Support Files/Pods-FunFactTest/Pods-FunFactTest-frameworks.sh",
				"${BUILT_PRODUCTS_DIR}/Bolts/Bolts.framework",
				"${BUILT_PRODUCTS_DIR}/Bolts-Swift/BoltsSwift.framework",
				"${BUILT_PRODUCTS_DIR}/BoringSSL/openssl.framework",
				"${BUILT_PRODUCTS_DIR}/FBSDKCoreKit/FBSDKCoreKit.framework",
				"${BUILT_PRODUCTS_DIR}/FBSDKLoginKit/FBSDKLoginKit.framework",
				"${BUILT_PRODUCTS_DIR}/FBSDKShareKit/FBSDKShareKit.framework",
				"${BUILT_PRODUCTS_DIR}/FacebookCore/FacebookCore.framework",
				"${BUILT_PRODUCTS_DIR}/FacebookLogin/FacebookLogin.framework",
				"${BUILT_PRODUCTS_DIR}/FacebookShare/FacebookShare.framework",
				"${BUILT_PRODUCTS_DIR}/GTMOAuth2/GTMOAuth2.framework",
				"${BUILT_PRODUCTS_DIR}/GTMSessionFetcher/GTMSessionFetcher.framework",
				"${BUILT_PRODUCTS_DIR}/GoogleToolboxForMac/GoogleToolboxForMac.framework",
				"${BUILT_PRODUCTS_DIR}/GoogleUtilities/GoogleUtilities.framework",
				"${BUILT_PRODUCTS_DIR}/IQKeyboardManagerSwift/IQKeyboardManagerSwift.framework",
				"${BUILT_PRODUCTS_DIR}/InstantSearch/InstantSearch.framework",
				"${BUILT_PRODUCTS_DIR}/InstantSearchClient/InstantSearchClient.framework",
				"${BUILT_PRODUCTS_DIR}/InstantSearchCore/InstantSearchCore.framework",
				"${BUILT_PRODUCTS_DIR}/MapKitGoogleStyler/MapKitGoogleStyler.framework",
				"${BUILT_PRODUCTS_DIR}/Protobuf/Protobuf.framework",
				"${BUILT_PRODUCTS_DIR}/SDWebImage/SDWebImage.framework",
				"${PODS_ROOT}/TwitterCore/iOS/TwitterCore.framework",
				"${PODS_ROOT}/TwitterKit/iOS/TwitterKit.framework",
				"${BUILT_PRODUCTS_DIR}/gRPC/GRPCClient.framework",
				"${BUILT_PRODUCTS_DIR}/gRPC-C++/grpcpp.framework",
				"${BUILT_PRODUCTS_DIR}/gRPC-Core/grpc.framework",
				"${BUILT_PRODUCTS_DIR}/gRPC-ProtoRPC/ProtoRPC.framework",
				"${BUILT_PRODUCTS_DIR}/gRPC-RxLibrary/RxLibrary.framework",
				"${BUILT_PRODUCTS_DIR}/leveldb-library/leveldb.framework",
				"${BUILT_PRODUCTS_DIR}/nanopb/nanopb.framework",
			);
			name = "[CP] Embed Pods Frameworks";
			outputPaths = (
				"${TARGET_BUILD_DIR}/${FRAMEWORKS_FOLDER_PATH}/Bolts.framework",
				"${TARGET_BUILD_DIR}/${FRAMEWORKS_FOLDER_PATH}/BoltsSwift.framework",
				"${TARGET_BUILD_DIR}/${FRAMEWORKS_FOLDER_PATH}/openssl.framework",
				"${TARGET_BUILD_DIR}/${FRAMEWORKS_FOLDER_PATH}/FBSDKCoreKit.framework",
				"${TARGET_BUILD_DIR}/${FRAMEWORKS_FOLDER_PATH}/FBSDKLoginKit.framework",
				"${TARGET_BUILD_DIR}/${FRAMEWORKS_FOLDER_PATH}/FBSDKShareKit.framework",
				"${TARGET_BUILD_DIR}/${FRAMEWORKS_FOLDER_PATH}/FacebookCore.framework",
				"${TARGET_BUILD_DIR}/${FRAMEWORKS_FOLDER_PATH}/FacebookLogin.framework",
				"${TARGET_BUILD_DIR}/${FRAMEWORKS_FOLDER_PATH}/FacebookShare.framework",
				"${TARGET_BUILD_DIR}/${FRAMEWORKS_FOLDER_PATH}/GTMOAuth2.framework",
				"${TARGET_BUILD_DIR}/${FRAMEWORKS_FOLDER_PATH}/GTMSessionFetcher.framework",
				"${TARGET_BUILD_DIR}/${FRAMEWORKS_FOLDER_PATH}/GoogleToolboxForMac.framework",
				"${TARGET_BUILD_DIR}/${FRAMEWORKS_FOLDER_PATH}/GoogleUtilities.framework",
				"${TARGET_BUILD_DIR}/${FRAMEWORKS_FOLDER_PATH}/IQKeyboardManagerSwift.framework",
				"${TARGET_BUILD_DIR}/${FRAMEWORKS_FOLDER_PATH}/InstantSearch.framework",
				"${TARGET_BUILD_DIR}/${FRAMEWORKS_FOLDER_PATH}/InstantSearchClient.framework",
				"${TARGET_BUILD_DIR}/${FRAMEWORKS_FOLDER_PATH}/InstantSearchCore.framework",
				"${TARGET_BUILD_DIR}/${FRAMEWORKS_FOLDER_PATH}/MapKitGoogleStyler.framework",
				"${TARGET_BUILD_DIR}/${FRAMEWORKS_FOLDER_PATH}/Protobuf.framework",
				"${TARGET_BUILD_DIR}/${FRAMEWORKS_FOLDER_PATH}/SDWebImage.framework",
				"${TARGET_BUILD_DIR}/${FRAMEWORKS_FOLDER_PATH}/TwitterCore.framework",
				"${TARGET_BUILD_DIR}/${FRAMEWORKS_FOLDER_PATH}/TwitterKit.framework",
				"${TARGET_BUILD_DIR}/${FRAMEWORKS_FOLDER_PATH}/GRPCClient.framework",
				"${TARGET_BUILD_DIR}/${FRAMEWORKS_FOLDER_PATH}/grpcpp.framework",
				"${TARGET_BUILD_DIR}/${FRAMEWORKS_FOLDER_PATH}/grpc.framework",
				"${TARGET_BUILD_DIR}/${FRAMEWORKS_FOLDER_PATH}/ProtoRPC.framework",
				"${TARGET_BUILD_DIR}/${FRAMEWORKS_FOLDER_PATH}/RxLibrary.framework",
				"${TARGET_BUILD_DIR}/${FRAMEWORKS_FOLDER_PATH}/leveldb.framework",
				"${TARGET_BUILD_DIR}/${FRAMEWORKS_FOLDER_PATH}/nanopb.framework",
			);
			runOnlyForDeploymentPostprocessing = 0;
			shellPath = /bin/sh;
			shellScript = "\"${SRCROOT}/Pods/Target Support Files/Pods-FunFactTest/Pods-FunFactTest-frameworks.sh\"\n";
			showEnvVarsInLog = 0;
		};
		D800724A2208DBF300A20084 /* ShellScript */ = {
			isa = PBXShellScriptBuildPhase;
			buildActionMask = 2147483647;
			files = (
			);
			inputFileListPaths = (
			);
			inputPaths = (
			);
			outputFileListPaths = (
			);
			outputPaths = (
			);
			runOnlyForDeploymentPostprocessing = 0;
			shellPath = /bin/sh;
			shellScript = "# Type a script or drag a script file from your workspace to insert its path.\n";
		};
/* End PBXShellScriptBuildPhase section */

/* Begin PBXSourcesBuildPhase section */
		D8FE7F7B20DB2712007B4550 /* Sources */ = {
			isa = PBXSourcesBuildPhase;
			buildActionMask = 2147483647;
			files = (
				D8A2AE412195FF97003C4EB1 /* FontAwesomeBarButtonItem.swift in Sources */,
				D8A2AE422195FF97003C4EB1 /* FontAwesomeImageView.swift in Sources */,
				D8F0078521ED5E7E0031325F /* SearchLandmarkStruct.swift in Sources */,
				D8A2AE432195FF97003C4EB1 /* FontAwesomeTabBarItem.swift in Sources */,
				D8B3103C21E2E7F900E85148 /* AppDataSingleton.swift in Sources */,
				D8A2AE442195FF97003C4EB1 /* FontAwesomeView.swift in Sources */,
				D8A2AE452195FF97003C4EB1 /* FontAwesomeExtension.swift in Sources */,
				D8A2AE462195FF97003C4EB1 /* FontAwesomeStateRequirement.swift in Sources */,
				D8A2AE472195FF97003C4EB1 /* FontAwesomeTextRepresentable.swift in Sources */,
				D8A2AE482195FF97003C4EB1 /* FontAwesomeImageRepresentable.swift in Sources */,
				D8A2AE492195FF97003C4EB1 /* Enum.swift in Sources */,
				D8A2AE4A2195FF97003C4EB1 /* FontAwesome.h in Sources */,
				D8A2AE4B2195FF97003C4EB1 /* FontAwesomeSegmentedControl.swift in Sources */,
				D8A2AE4C2195FF97003C4EB1 /* FontAwesome.swift in Sources */,
				D848BD3A2134909E00C31CD0 /* SignInViewController.swift in Sources */,
				D834DFFA20F6AF210091CA40 /* FunFactJSONParser.swift in Sources */,
				D88DBE7F212EFC48009A2CC2 /* Constants.swift in Sources */,
				D86DA75F217424A8001F7B5C /* UserSubsCell.swift in Sources */,
				D848BD4121357F3F00C31CD0 /* CustomUINavigation.swift in Sources */,
				D8ED8FFC210D16BE0010EF7C /* LocationSearchTableViewController.swift in Sources */,
				D8CBADCE21C295C900C42F91 /* NotificationController.swift in Sources */,
				D848BD472137838B00C31CD0 /* ImageViewViewController.swift in Sources */,
				D88DBE84212F68F9009A2CC2 /* FancyButton.swift in Sources */,
				D848BD3621343FAF00C31CD0 /* ButtonWithShadow.swift in Sources */,
				D848BD4321358BF200C31CD0 /* CustomViewBackground.swift in Sources */,
				D848BD3C213490D100C31CD0 /* SignUpViewController.swift in Sources */,
				D8D18573212A1E510093B66C /* LandmarkStruct.swift in Sources */,
				D8DF6A5E210634800031A153 /* DisputeViewController.swift in Sources */,
				D865045F216AC58600B65AAB /* HashtagCell.swift in Sources */,
				D8D18571212A1CFF0093B66C /* FirestoreConnection.swift in Sources */,
				D8E78FED21409D26006F03B9 /* ProfileViewController.swift in Sources */,
				D8FE7FA220DC4237007B4550 /* Utils.swift in Sources */,
				D8F9012121304B9500D83F8E /* WelcomeViewController.swift in Sources */,
				D8A2ADE521938268003C4EB1 /* TabBarController.swift in Sources */,
				D8E78FF12141FC9B006F03B9 /* CustomButton.swift in Sources */,
				D8FE7F8520DB2712007B4550 /* MainViewController.swift in Sources */,
				D8FE7FA420DC491F007B4550 /* FunFactAnnotation.swift in Sources */,
				D8FE7F9720DB2795007B4550 /* AnnotationBottomView.swift in Sources */,
				D88DBE81212F3727009A2CC2 /* CacheManager.swift in Sources */,
				D8B3103A21CAEAA500E85148 /* SearchCellTableViewCell.swift in Sources */,
				D8ED8FF8210A49480010EF7C /* AddFactViewController.swift in Sources */,
				D8D18575212A1F2F0093B66C /* FunFactStruct.swift in Sources */,
				D8FE7FAC20E4671C007B4550 /* FunFactPageViewController.swift in Sources */,
				D8ED8FFA210A49780010EF7C /* AddressViewController.swift in Sources */,
				D848BD3E2134F05800C31CD0 /* CustomTextField.swift in Sources */,
				D8FE7F8320DB2712007B4550 /* AppDelegate.swift in Sources */,
				D8B3103821CADFD600E85148 /* SearchViewController.swift in Sources */,
				D8FE7FAA20E45083007B4550 /* ContentViewController.swift in Sources */,
				D86DA75D21741BA6001F7B5C /* UserSubsTableViewController.swift in Sources */,
				D83F06022161BD0700B37FED /* UserStruct.swift in Sources */,
				D848BD452136F50C00C31CD0 /* DisputeStruct.swift in Sources */,
				D8F76AF1210E1A3100A039D2 /* AddressCell.swift in Sources */,
			);
			runOnlyForDeploymentPostprocessing = 0;
		};
/* End PBXSourcesBuildPhase section */

/* Begin PBXVariantGroup section */
		D8FE7F8620DB2712007B4550 /* Main.storyboard */ = {
			isa = PBXVariantGroup;
			children = (
				D8FE7F8720DB2712007B4550 /* Base */,
			);
			name = Main.storyboard;
			sourceTree = "<group>";
		};
		D8FE7F8B20DB2716007B4550 /* LaunchScreen.storyboard */ = {
			isa = PBXVariantGroup;
			children = (
				D8FE7F8C20DB2716007B4550 /* Base */,
			);
			name = LaunchScreen.storyboard;
			sourceTree = "<group>";
		};
/* End PBXVariantGroup section */

/* Begin XCBuildConfiguration section */
		D8FE7F8F20DB2716007B4550 /* Debug */ = {
			isa = XCBuildConfiguration;
			buildSettings = {
				ALWAYS_SEARCH_USER_PATHS = NO;
				CLANG_ANALYZER_NONNULL = YES;
				CLANG_ANALYZER_NUMBER_OBJECT_CONVERSION = YES_AGGRESSIVE;
				CLANG_CXX_LANGUAGE_STANDARD = "gnu++14";
				CLANG_CXX_LIBRARY = "libc++";
				CLANG_ENABLE_MODULES = YES;
				CLANG_ENABLE_OBJC_ARC = YES;
				CLANG_ENABLE_OBJC_WEAK = YES;
				CLANG_WARN_BLOCK_CAPTURE_AUTORELEASING = YES;
				CLANG_WARN_BOOL_CONVERSION = YES;
				CLANG_WARN_COMMA = YES;
				CLANG_WARN_CONSTANT_CONVERSION = YES;
				CLANG_WARN_DEPRECATED_OBJC_IMPLEMENTATIONS = YES;
				CLANG_WARN_DIRECT_OBJC_ISA_USAGE = YES_ERROR;
				CLANG_WARN_DOCUMENTATION_COMMENTS = YES;
				CLANG_WARN_EMPTY_BODY = YES;
				CLANG_WARN_ENUM_CONVERSION = YES;
				CLANG_WARN_INFINITE_RECURSION = YES;
				CLANG_WARN_INT_CONVERSION = YES;
				CLANG_WARN_NON_LITERAL_NULL_CONVERSION = YES;
				CLANG_WARN_OBJC_IMPLICIT_RETAIN_SELF = YES;
				CLANG_WARN_OBJC_LITERAL_CONVERSION = YES;
				CLANG_WARN_OBJC_ROOT_CLASS = YES_ERROR;
				CLANG_WARN_RANGE_LOOP_ANALYSIS = YES;
				CLANG_WARN_STRICT_PROTOTYPES = YES;
				CLANG_WARN_SUSPICIOUS_MOVE = YES;
				CLANG_WARN_UNGUARDED_AVAILABILITY = YES_AGGRESSIVE;
				CLANG_WARN_UNREACHABLE_CODE = YES;
				CLANG_WARN__DUPLICATE_METHOD_MATCH = YES;
				CODE_SIGN_IDENTITY = "iPhone Developer";
				COPY_PHASE_STRIP = NO;
				DEBUG_INFORMATION_FORMAT = dwarf;
				ENABLE_STRICT_OBJC_MSGSEND = YES;
				ENABLE_TESTABILITY = YES;
				GCC_C_LANGUAGE_STANDARD = gnu11;
				GCC_DYNAMIC_NO_PIC = NO;
				GCC_NO_COMMON_BLOCKS = YES;
				GCC_OPTIMIZATION_LEVEL = 0;
				GCC_PREPROCESSOR_DEFINITIONS = (
					"DEBUG=1",
					"$(inherited)",
				);
				GCC_WARN_64_TO_32_BIT_CONVERSION = YES;
				GCC_WARN_ABOUT_RETURN_TYPE = YES_ERROR;
				GCC_WARN_UNDECLARED_SELECTOR = YES;
				GCC_WARN_UNINITIALIZED_AUTOS = YES_AGGRESSIVE;
				GCC_WARN_UNUSED_FUNCTION = YES;
				GCC_WARN_UNUSED_VARIABLE = YES;
				IPHONEOS_DEPLOYMENT_TARGET = 11.4;
				MTL_ENABLE_DEBUG_INFO = YES;
				ONLY_ACTIVE_ARCH = YES;
				SDKROOT = iphoneos;
				SWIFT_ACTIVE_COMPILATION_CONDITIONS = DEBUG;
				SWIFT_OPTIMIZATION_LEVEL = "-Onone";
			};
			name = Debug;
		};
		D8FE7F9020DB2716007B4550 /* Release */ = {
			isa = XCBuildConfiguration;
			buildSettings = {
				ALWAYS_SEARCH_USER_PATHS = NO;
				CLANG_ANALYZER_NONNULL = YES;
				CLANG_ANALYZER_NUMBER_OBJECT_CONVERSION = YES_AGGRESSIVE;
				CLANG_CXX_LANGUAGE_STANDARD = "gnu++14";
				CLANG_CXX_LIBRARY = "libc++";
				CLANG_ENABLE_MODULES = YES;
				CLANG_ENABLE_OBJC_ARC = YES;
				CLANG_ENABLE_OBJC_WEAK = YES;
				CLANG_WARN_BLOCK_CAPTURE_AUTORELEASING = YES;
				CLANG_WARN_BOOL_CONVERSION = YES;
				CLANG_WARN_COMMA = YES;
				CLANG_WARN_CONSTANT_CONVERSION = YES;
				CLANG_WARN_DEPRECATED_OBJC_IMPLEMENTATIONS = YES;
				CLANG_WARN_DIRECT_OBJC_ISA_USAGE = YES_ERROR;
				CLANG_WARN_DOCUMENTATION_COMMENTS = YES;
				CLANG_WARN_EMPTY_BODY = YES;
				CLANG_WARN_ENUM_CONVERSION = YES;
				CLANG_WARN_INFINITE_RECURSION = YES;
				CLANG_WARN_INT_CONVERSION = YES;
				CLANG_WARN_NON_LITERAL_NULL_CONVERSION = YES;
				CLANG_WARN_OBJC_IMPLICIT_RETAIN_SELF = YES;
				CLANG_WARN_OBJC_LITERAL_CONVERSION = YES;
				CLANG_WARN_OBJC_ROOT_CLASS = YES_ERROR;
				CLANG_WARN_RANGE_LOOP_ANALYSIS = YES;
				CLANG_WARN_STRICT_PROTOTYPES = YES;
				CLANG_WARN_SUSPICIOUS_MOVE = YES;
				CLANG_WARN_UNGUARDED_AVAILABILITY = YES_AGGRESSIVE;
				CLANG_WARN_UNREACHABLE_CODE = YES;
				CLANG_WARN__DUPLICATE_METHOD_MATCH = YES;
				CODE_SIGN_IDENTITY = "iPhone Developer";
				COPY_PHASE_STRIP = NO;
				DEBUG_INFORMATION_FORMAT = "dwarf-with-dsym";
				ENABLE_NS_ASSERTIONS = NO;
				ENABLE_STRICT_OBJC_MSGSEND = YES;
				GCC_C_LANGUAGE_STANDARD = gnu11;
				GCC_NO_COMMON_BLOCKS = YES;
				GCC_WARN_64_TO_32_BIT_CONVERSION = YES;
				GCC_WARN_ABOUT_RETURN_TYPE = YES_ERROR;
				GCC_WARN_UNDECLARED_SELECTOR = YES;
				GCC_WARN_UNINITIALIZED_AUTOS = YES_AGGRESSIVE;
				GCC_WARN_UNUSED_FUNCTION = YES;
				GCC_WARN_UNUSED_VARIABLE = YES;
				IPHONEOS_DEPLOYMENT_TARGET = 11.4;
				MTL_ENABLE_DEBUG_INFO = NO;
				SDKROOT = iphoneos;
				SWIFT_COMPILATION_MODE = wholemodule;
				SWIFT_OPTIMIZATION_LEVEL = "-O";
				VALIDATE_PRODUCT = YES;
			};
			name = Release;
		};
		D8FE7F9220DB2716007B4550 /* Debug */ = {
			isa = XCBuildConfiguration;
			baseConfigurationReference = 6A9A8A65C29502B3DDAE2E25 /* Pods-FunFactTest.debug.xcconfig */;
			buildSettings = {
				ASSETCATALOG_COMPILER_APPICON_NAME = AppIcon;
				CODE_SIGN_ENTITLEMENTS = FunFactTest/FunFactTest.entitlements;
				CODE_SIGN_IDENTITY = "iPhone Developer";
				CODE_SIGN_STYLE = Automatic;
				DEVELOPMENT_TEAM = XQECAX5M82;
				INFOPLIST_FILE = FunFactTest/Info.plist;
				IPHONEOS_DEPLOYMENT_TARGET = 12.0;
				LD_RUNPATH_SEARCH_PATHS = (
					"$(inherited)",
					"@executable_path/Frameworks",
				);
				PRODUCT_BUNDLE_IDENTIFIER = com.rushi.FunFacts;
				PRODUCT_NAME = "$(TARGET_NAME)";
				PROVISIONING_PROFILE_SPECIFIER = "";
				SWIFT_VERSION = 4.2;
				TARGETED_DEVICE_FAMILY = "1,2";
			};
			name = Debug;
		};
		D8FE7F9320DB2716007B4550 /* Release */ = {
			isa = XCBuildConfiguration;
			baseConfigurationReference = 8583EE7FC03419D00EFF4C12 /* Pods-FunFactTest.release.xcconfig */;
			buildSettings = {
				ASSETCATALOG_COMPILER_APPICON_NAME = AppIcon;
				CODE_SIGN_ENTITLEMENTS = FunFactTest/FunFactTest.entitlements;
				CODE_SIGN_IDENTITY = "iPhone Developer";
				CODE_SIGN_STYLE = Automatic;
				DEVELOPMENT_TEAM = XQECAX5M82;
				INFOPLIST_FILE = FunFactTest/Info.plist;
				IPHONEOS_DEPLOYMENT_TARGET = 12.0;
				LD_RUNPATH_SEARCH_PATHS = (
					"$(inherited)",
					"@executable_path/Frameworks",
				);
				PRODUCT_BUNDLE_IDENTIFIER = com.rushi.FunFacts;
				PRODUCT_NAME = "$(TARGET_NAME)";
				PROVISIONING_PROFILE_SPECIFIER = "";
				SWIFT_VERSION = 4.2;
				TARGETED_DEVICE_FAMILY = "1,2";
			};
			name = Release;
		};
/* End XCBuildConfiguration section */

/* Begin XCConfigurationList section */
		D8FE7F7A20DB2712007B4550 /* Build configuration list for PBXProject "FunFactTest" */ = {
			isa = XCConfigurationList;
			buildConfigurations = (
				D8FE7F8F20DB2716007B4550 /* Debug */,
				D8FE7F9020DB2716007B4550 /* Release */,
			);
			defaultConfigurationIsVisible = 0;
			defaultConfigurationName = Release;
		};
		D8FE7F9120DB2716007B4550 /* Build configuration list for PBXNativeTarget "FunFactTest" */ = {
			isa = XCConfigurationList;
			buildConfigurations = (
				D8FE7F9220DB2716007B4550 /* Debug */,
				D8FE7F9320DB2716007B4550 /* Release */,
			);
			defaultConfigurationIsVisible = 0;
			defaultConfigurationName = Release;
		};
/* End XCConfigurationList section */
	};
	rootObject = D8FE7F7720DB2712007B4550 /* Project object */;
}
